// !$*UTF8*$!
{
	archiveVersion = 1;
	classes = {
	};
	objectVersion = 56;
	objects = {

/* Begin PBXBuildFile section */
		2004B9AB37CCCC69DD6DF4D7 /* FacebookCore in Frameworks */ = {isa = PBXBuildFile; productRef = 78BB6FC95F9CCCEABD41840D /* FacebookCore */; };
		5A13CDCA2F9A5A9D00DB3A3E /* Intro_Video.swift in Sources */ = {isa = PBXBuildFile; fileRef = 5A13CDC92F9A5A9D00DB3A3E /* Intro_Video.swift */; };
		5A13CDCC2F9A5AB400DB3A3E /* resolation.mp4 in Resources */ = {isa = PBXBuildFile; fileRef = 5A13CDCB2F9A5AB400DB3A3E /* resolation.mp4 */; };
		5A13CDCE2F9A5ABA00DB3A3E /* cleanup.mp4 in Resources */ = {isa = PBXBuildFile; fileRef = 5A13CDCD2F9A5ABA00DB3A3E /* cleanup.mp4 */; };
		5A13CDD02F9A5ADB00DB3A3E /* Intro.swift in Sources */ = {isa = PBXBuildFile; fileRef = 5A13CDCF2F9A5ADB00DB3A3E /* Intro.swift */; };
		5A3934332F9AD20800873A0B /* RevenueCat in Frameworks */ = {isa = PBXBuildFile; productRef = 5A3934322F9AD20800873A0B /* RevenueCat */; };
		5A3934352F9AD20800873A0B /* RevenueCatUI in Frameworks */ = {isa = PBXBuildFile; productRef = 5A3934342F9AD20800873A0B /* RevenueCatUI */; };
		5A3B5E072F99A03B00F10C0D /* ChatEditViewModel.swift in Sources */ = {isa = PBXBuildFile; fileRef = 5A3B5E062F99A03B00F10C0D /* ChatEditViewModel.swift */; };
		5A5071632F9838010012C7EF /* Icon.icon in Resources */ = {isa = PBXBuildFile; fileRef = 5A5071622F9838010012C7EF /* Icon.icon */; };
		5A56C4062F9ACE63006FC6BE /* Lottie in Frameworks */ = {isa = PBXBuildFile; productRef = 5A56C4052F9ACE63006FC6BE /* Lottie */; };
		5A56C40A2F9ACE97006FC6BE /* LottieView.swift in Sources */ = {isa = PBXBuildFile; fileRef = 5A56C4092F9ACE97006FC6BE /* LottieView.swift */; };
		5A56C40C2F9ACED7006FC6BE /* generation.json in Resources */ = {isa = PBXBuildFile; fileRef = 5A56C40B2F9ACED7006FC6BE /* generation.json */; };
		5A60040B2F95B6920057469C /* FirebaseCore in Frameworks */ = {isa = PBXBuildFile; productRef = FIREBASE0002SPMDEP /* FirebaseCore */; };
		5A60040C2F95B6920057469C /* FirebaseAuth in Frameworks */ = {isa = PBXBuildFile; productRef = FIREBASE0003SPMDEP /* FirebaseAuth */; };
		5A60040D2F95B6920057469C /* FirebaseMessaging in Frameworks */ = {isa = PBXBuildFile; productRef = FIREBASE0004SPMDEP /* FirebaseMessaging */; };
		5A6004102F95F0010057469C /* VariableBlur in Frameworks */ = {isa = PBXBuildFile; productRef = 5A6004112F95F0010057469C /* VariableBlur */; };
		5A650AF22FA4D8D6000F48C3 /* PrivacyInfo.xcprivacy in Resources */ = {isa = PBXBuildFile; fileRef = 5A650AF12FA4D8D6000F48C3 /* PrivacyInfo.xcprivacy */; };
		668EA5AEDB7A455EAD825F3C29316EBF /* UIImage+Orientation.swift in Sources */ = {isa = PBXBuildFile; fileRef = D27C3386968540DA9D09E76C61E4C24C /* UIImage+Orientation.swift */; };
		773870312C489A7500477E83 /* SubscriptionManager.swift in Sources */ = {isa = PBXBuildFile; fileRef = 773870302C489A7500477E83 /* SubscriptionManager.swift */; };
		773870332C489AB300477E83 /* EntitlementManager.swift in Sources */ = {isa = PBXBuildFile; fileRef = 773870322C489AB300477E83 /* EntitlementManager.swift */; };
		7738703B2C48A60700477E83 /* CoinCounter.swift in Sources */ = {isa = PBXBuildFile; fileRef = 7738703A2C48A60700477E83 /* CoinCounter.swift */; };
		776B8D122C45840B000CE25E /* Localizable.strings in Resources */ = {isa = PBXBuildFile; fileRef = 776B8D102C45840B000CE25E /* Localizable.strings */; };
		776B8D992C4586D0000CE300 /* InfoPlist.strings in Resources */ = {isa = PBXBuildFile; fileRef = 776B8D992C4586D0000CE200 /* InfoPlist.strings */; };
		776B8D992C4586D0000CE402 /* TrackingManager.swift in Sources */ = {isa = PBXBuildFile; fileRef = 776B8D992C4586D0000CE401 /* TrackingManager.swift */; };
		7780E9F42C3D847D00ADE1B4 /* CardItem.swift in Sources */ = {isa = PBXBuildFile; fileRef = 7780E9F32C3D847D00ADE1B4 /* CardItem.swift */; };
		7780E9F62C3D89C700ADE1B4 /* Menu.swift in Sources */ = {isa = PBXBuildFile; fileRef = 7780E9F52C3D89C700ADE1B4 /* Menu.swift */; };
		77810DBD2C26DF8B005ECE87 /* Splash.swift in Sources */ = {isa = PBXBuildFile; fileRef = 77810DBC2C26DF8B005ECE87 /* Splash.swift */; };
		77810DC12C26E03C005ECE87 /* Colors.swift in Sources */ = {isa = PBXBuildFile; fileRef = 77810DC02C26E03C005ECE87 /* Colors.swift */; };
		7794F9F32C3E2811001698EB /* ResultView.swift in Sources */ = {isa = PBXBuildFile; fileRef = 7794F9F22C3E2811001698EB /* ResultView.swift */; };
		77C65CD82C40BC9200D8B584 /* Constants.swift in Sources */ = {isa = PBXBuildFile; fileRef = 77C65CD72C40BC9200D8B584 /* Constants.swift */; };
		77C65CDB2C40C35F00D8B584 /* Upscaling.swift in Sources */ = {isa = PBXBuildFile; fileRef = 77C65CDA2C40C35F00D8B584 /* Upscaling.swift */; };
		77CABFEF2C27D12C00FBED06 /* PremiumCard.swift in Sources */ = {isa = PBXBuildFile; fileRef = 77CABFEE2C27D12C00FBED06 /* PremiumCard.swift */; };
		77CABFF22C27D71800FBED06 /* OperationType.swift in Sources */ = {isa = PBXBuildFile; fileRef = 77CABFF12C27D71800FBED06 /* OperationType.swift */; };
		77CABFF52C27D92A00FBED06 /* Alamofire in Frameworks */ = {isa = PBXBuildFile; productRef = 77CABFF42C27D92A00FBED06 /* Alamofire */; };
		77CE35FE2C1464160096007C /* BabyUltraApp.swift in Sources */ = {isa = PBXBuildFile; fileRef = 77CE35FD2C1464160096007C /* BabyUltraApp.swift */; };
		77CE36022C1464170096007C /* Assets.xcassets in Resources */ = {isa = PBXBuildFile; fileRef = 77CE36012C1464170096007C /* Assets.xcassets */; };
		77CE36052C1464170096007C /* Preview Assets.xcassets in Resources */ = {isa = PBXBuildFile; fileRef = 77CE36042C1464170096007C /* Preview Assets.xcassets */; };
		77CE360E2C1464D00096007C /* HomeView.swift in Sources */ = {isa = PBXBuildFile; fileRef = 77CE360D2C1464D00096007C /* HomeView.swift */; };
		77CE36112C1465660096007C /* Header.swift in Sources */ = {isa = PBXBuildFile; fileRef = 77CE36102C1465660096007C /* Header.swift */; };
		77D5BE812C3F66C200BA2723 /* ShareActivity.swift in Sources */ = {isa = PBXBuildFile; fileRef = 77D5BE802C3F66C200BA2723 /* ShareActivity.swift */; };
		77EA14AC2C30199300DCA4C0 /* ProcessingImage.swift in Sources */ = {isa = PBXBuildFile; fileRef = 77EA14AB2C30199300DCA4C0 /* ProcessingImage.swift */; };
		77EA14AE2C301AB100DCA4C0 /* ImagePicker.swift in Sources */ = {isa = PBXBuildFile; fileRef = 77EA14AD2C301AB000DCA4C0 /* ImagePicker.swift */; };
		77EA14B12C301FA000DCA4C0 /* Shimmer in Frameworks */ = {isa = PBXBuildFile; productRef = 77EA14B02C301FA000DCA4C0 /* Shimmer */; };
		77F7D5A62C439E8B00F78A4B /* PremiumView.swift in Sources */ = {isa = PBXBuildFile; fileRef = 77F7D5A52C439E8B00F78A4B /* PremiumView.swift */; };
		77FD33C22C42567700C9DB28 /* SDWebImageSwiftUI in Frameworks */ = {isa = PBXBuildFile; productRef = 77FD33C12C42567700C9DB28 /* SDWebImageSwiftUI */; };
		77FD33C52C429D2900C9DB28 /* PrompotView.swift in Sources */ = {isa = PBXBuildFile; fileRef = 77FD33C42C429D2900C9DB28 /* PrompotView.swift */; };
		77FD33C72C42C42A00C9DB28 /* OperationTypes.swift in Sources */ = {isa = PBXBuildFile; fileRef = 77FD33C62C42C42A00C9DB28 /* OperationTypes.swift */; };
		77FE00012C3D847D00ADE1B4 /* PremiumGradientButton.swift in Sources */ = {isa = PBXBuildFile; fileRef = 77FE00002C3D847D00ADE1B4 /* PremiumGradientButton.swift */; };
		AABB00022C489A7500477E83 /* ThemeManager.swift in Sources */ = {isa = PBXBuildFile; fileRef = AABB00012C489A7500477E83 /* ThemeManager.swift */; };
		AABB00052C489A7500477E83 /* MainTabView.swift in Sources */ = {isa = PBXBuildFile; fileRef = AABB00042C489A7500477E83 /* MainTabView.swift */; };
		AABB00072C489A7500477E83 /* GenerationsView.swift in Sources */ = {isa = PBXBuildFile; fileRef = AABB00062C489A7500477E83 /* GenerationsView.swift */; };
		AABB000A2C489A7500477E83 /* ChatEditView.swift in Sources */ = {isa = PBXBuildFile; fileRef = AABB00092C489A7500477E83 /* ChatEditView.swift */; };
		AABB000D2C489A7500477E83 /* AccountView.swift in Sources */ = {isa = PBXBuildFile; fileRef = AABB000C2C489A7500477E83 /* AccountView.swift */; };
		BBCC00022C489A7500000003 /* APIModels.swift in Sources */ = {isa = PBXBuildFile; fileRef = BBCC00012C489A7500000002 /* APIModels.swift */; };
		BBCC00042C489A7500000005 /* APIClient.swift in Sources */ = {isa = PBXBuildFile; fileRef = BBCC00032C489A7500000004 /* APIClient.swift */; };
		BBCC00062C489A7500000007 /* BabyUltraAPI.swift in Sources */ = {isa = PBXBuildFile; fileRef = BBCC00052C489A7500000006 /* BabyUltraAPI.swift */; };
		BBCC00082C489A7500000009 /* AuthManager.swift in Sources */ = {isa = PBXBuildFile; fileRef = BBCC00072C489A7500000008 /* AuthManager.swift */; };
		BBCC000A2C489A750000000B /* HomeViewModel.swift in Sources */ = {isa = PBXBuildFile; fileRef = BBCC00092C489A750000000A /* HomeViewModel.swift */; };
		BBCC000C2C489A750000000D /* GenerationsViewModel.swift in Sources */ = {isa = PBXBuildFile; fileRef = BBCC000B2C489A750000000C /* GenerationsViewModel.swift */; };
		BBCC000E2C489A750000000F /* GoogleService-Info.plist in Resources */ = {isa = PBXBuildFile; fileRef = BBCC000F2C489A7500000010 /* GoogleService-Info.plist */; };
		F62C00FED91A58E0AF2CA7A7 /* AppState.swift in Sources */ = {isa = PBXBuildFile; fileRef = 189955A8F2D6B645E3FC69BA /* AppState.swift */; };
		FF84741728D8C9CD37A1F001 /* TransformView.swift in Sources */ = {isa = PBXBuildFile; fileRef = 6A6A19C9E87ED4525D9D2FCB /* TransformView.swift */; };
		ISEED0009FBLD01 /* InstallSeedStore.swift in Sources */ = {isa = PBXBuildFile; fileRef = ISEED0009FREF01 /* InstallSeedStore.swift */; };
/* End PBXBuildFile section */

/* Begin PBXFileReference section */
		189955A8F2D6B645E3FC69BA /* AppState.swift */ = {isa = PBXFileReference; includeInIndex = 1; lastKnownFileType = sourcecode.swift; path = AppState.swift; sourceTree = "<group>"; };
		5A13CDC92F9A5A9D00DB3A3E /* Intro_Video.swift */ = {isa = PBXFileReference; lastKnownFileType = sourcecode.swift; path = Intro_Video.swift; sourceTree = "<group>"; };
		5A13CDCB2F9A5AB400DB3A3E /* resolation.mp4 */ = {isa = PBXFileReference; lastKnownFileType = file; path = resolation.mp4; sourceTree = "<group>"; };
		5A13CDCD2F9A5ABA00DB3A3E /* cleanup.mp4 */ = {isa = PBXFileReference; lastKnownFileType = file; path = cleanup.mp4; sourceTree = "<group>"; };
		5A13CDCF2F9A5ADB00DB3A3E /* Intro.swift */ = {isa = PBXFileReference; lastKnownFileType = sourcecode.swift; path = Intro.swift; sourceTree = "<group>"; };
		5A3B5E062F99A03B00F10C0D /* ChatEditViewModel.swift */ = {isa = PBXFileReference; lastKnownFileType = sourcecode.swift; path = ChatEditViewModel.swift; sourceTree = "<group>"; };
		5A5071622F9838010012C7EF /* Icon.icon */ = {isa = PBXFileReference; lastKnownFileType = folder.iconcomposer.icon; path = Icon.icon; sourceTree = "<group>"; };
		5A56C4092F9ACE97006FC6BE /* LottieView.swift */ = {isa = PBXFileReference; lastKnownFileType = sourcecode.swift; path = LottieView.swift; sourceTree = "<group>"; };
		5A56C40B2F9ACED7006FC6BE /* generation.json */ = {isa = PBXFileReference; lastKnownFileType = text.json; path = generation.json; sourceTree = "<group>"; };
		5A650AF12FA4D8D6000F48C3 /* PrivacyInfo.xcprivacy */ = {isa = PBXFileReference; lastKnownFileType = text.xml; path = PrivacyInfo.xcprivacy; sourceTree = "<group>"; };
		5AAA35C92F9EED6E0028B685 /* BabyUltra.entitlements */ = {isa = PBXFileReference; lastKnownFileType = text.plist.entitlements; path = BabyUltra.entitlements; sourceTree = "<group>"; };
		5AAA35CA2F9EED910028B685 /* Info.plist */ = {isa = PBXFileReference; lastKnownFileType = text.plist; path = Info.plist; sourceTree = "<group>"; };
		6A6A19C9E87ED4525D9D2FCB /* TransformView.swift */ = {isa = PBXFileReference; includeInIndex = 1; lastKnownFileType = sourcecode.swift; path = TransformView.swift; sourceTree = "<group>"; };
		773870302C489A7500477E83 /* SubscriptionManager.swift */ = {isa = PBXFileReference; lastKnownFileType = sourcecode.swift; path = SubscriptionManager.swift; sourceTree = "<group>"; };
		773870322C489AB300477E83 /* EntitlementManager.swift */ = {isa = PBXFileReference; lastKnownFileType = sourcecode.swift; path = EntitlementManager.swift; sourceTree = "<group>"; };
		7738703A2C48A60700477E83 /* CoinCounter.swift */ = {isa = PBXFileReference; lastKnownFileType = sourcecode.swift; path = CoinCounter.swift; sourceTree = "<group>"; };
		776B8D112C45840B000CE25E /* en */ = {isa = PBXFileReference; lastKnownFileType = text.plist.strings; name = en; path = en.lproj/Localizable.strings; sourceTree = "<group>"; };
		776B8D132C4586D0000CE25E /* fr */ = {isa = PBXFileReference; lastKnownFileType = text.plist.strings; name = fr; path = fr.lproj/Localizable.strings; sourceTree = "<group>"; };
		776B8D142C4586D3000CE25E /* de */ = {isa = PBXFileReference; lastKnownFileType = text.plist.strings; name = de; path = de.lproj/Localizable.strings; sourceTree = "<group>"; };
		776B8D152C4586D4000CE25E /* es */ = {isa = PBXFileReference; lastKnownFileType = text.plist.strings; name = es; path = es.lproj/Localizable.strings; sourceTree = "<group>"; };
		776B8D162C4586D5000CE25E /* tr */ = {isa = PBXFileReference; lastKnownFileType = text.plist.strings; name = tr; path = tr.lproj/Localizable.strings; sourceTree = "<group>"; };
		776B8D172C4586D6000CE25E /* it */ = {isa = PBXFileReference; lastKnownFileType = text.plist.strings; name = it; path = it.lproj/Localizable.strings; sourceTree = "<group>"; };
		776B8D182C4586D7000CE25E /* pt */ = {isa = PBXFileReference; lastKnownFileType = text.plist.strings; name = pt; path = pt.lproj/Localizable.strings; sourceTree = "<group>"; };
		776B8D192C4586D8000CE25E /* ru */ = {isa = PBXFileReference; lastKnownFileType = text.plist.strings; name = ru; path = ru.lproj/Localizable.strings; sourceTree = "<group>"; };
		776B8D1A2C4586D9000CE25E /* ja */ = {isa = PBXFileReference; lastKnownFileType = text.plist.strings; name = ja; path = ja.lproj/Localizable.strings; sourceTree = "<group>"; };
		776B8D1B2C4586DA000CE25E /* ko */ = {isa = PBXFileReference; lastKnownFileType = text.plist.strings; name = ko; path = ko.lproj/Localizable.strings; sourceTree = "<group>"; };
		776B8D1C2C4586DB000CE25E /* zh */ = {isa = PBXFileReference; lastKnownFileType = text.plist.strings; name = zh; path = zh.lproj/Localizable.strings; sourceTree = "<group>"; };
		776B8D1D2C4586DC000CE25E /* ar */ = {isa = PBXFileReference; lastKnownFileType = text.plist.strings; name = ar; path = ar.lproj/Localizable.strings; sourceTree = "<group>"; };
		776B8D1E2C4586DD000CE25E /* da */ = {isa = PBXFileReference; lastKnownFileType = text.plist.strings; name = da; path = da.lproj/Localizable.strings; sourceTree = "<group>"; };
		776B8D1F2C4586DE000CE25E /* fi */ = {isa = PBXFileReference; lastKnownFileType = text.plist.strings; name = fi; path = fi.lproj/Localizable.strings; sourceTree = "<group>"; };
		776B8D202C4586DF000CE25E /* el */ = {isa = PBXFileReference; lastKnownFileType = text.plist.strings; name = el; path = el.lproj/Localizable.strings; sourceTree = "<group>"; };
		776B8D212C4586E0000CE25E /* nl */ = {isa = PBXFileReference; lastKnownFileType = text.plist.strings; name = nl; path = nl.lproj/Localizable.strings; sourceTree = "<group>"; };
		776B8D222C4586E1000CE25E /* sv */ = {isa = PBXFileReference; lastKnownFileType = text.plist.strings; name = sv; path = sv.lproj/Localizable.strings; sourceTree = "<group>"; };
		776B8D232C4586E2000CE25E /* nb */ = {isa = PBXFileReference; lastKnownFileType = text.plist.strings; name = nb; path = nb.lproj/Localizable.strings; sourceTree = "<group>"; };
		776B8D242C4586E3000CE25E /* ga */ = {isa = PBXFileReference; lastKnownFileType = text.plist.strings; name = ga; path = ga.lproj/Localizable.strings; sourceTree = "<group>"; };
		776B8D252C4586E4000CE25E /* th */ = {isa = PBXFileReference; lastKnownFileType = text.plist.strings; name = th; path = th.lproj/Localizable.strings; sourceTree = "<group>"; };
		776B8D992C4586D0000CE0D5 /* ar */ = {isa = PBXFileReference; lastKnownFileType = text.plist.strings; name = ar; path = ar.lproj/InfoPlist.strings; sourceTree = "<group>"; };
		776B8D992C4586D0000CE0D6 /* cs */ = {isa = PBXFileReference; lastKnownFileType = text.plist.strings; name = cs; path = cs.lproj/InfoPlist.strings; sourceTree = "<group>"; };
		776B8D992C4586D0000CE0D7 /* da */ = {isa = PBXFileReference; lastKnownFileType = text.plist.strings; name = da; path = da.lproj/InfoPlist.strings; sourceTree = "<group>"; };
		776B8D992C4586D0000CE0D8 /* de */ = {isa = PBXFileReference; lastKnownFileType = text.plist.strings; name = de; path = de.lproj/InfoPlist.strings; sourceTree = "<group>"; };
		776B8D992C4586D0000CE0D9 /* el */ = {isa = PBXFileReference; lastKnownFileType = text.plist.strings; name = el; path = el.lproj/InfoPlist.strings; sourceTree = "<group>"; };
		776B8D992C4586D0000CE0DA /* en */ = {isa = PBXFileReference; lastKnownFileType = text.plist.strings; name = en; path = en.lproj/InfoPlist.strings; sourceTree = "<group>"; };
		776B8D992C4586D0000CE0DB /* es */ = {isa = PBXFileReference; lastKnownFileType = text.plist.strings; name = es; path = es.lproj/InfoPlist.strings; sourceTree = "<group>"; };
		776B8D992C4586D0000CE0DC /* fi */ = {isa = PBXFileReference; lastKnownFileType = text.plist.strings; name = fi; path = fi.lproj/InfoPlist.strings; sourceTree = "<group>"; };
		776B8D992C4586D0000CE0DD /* fil */ = {isa = PBXFileReference; lastKnownFileType = text.plist.strings; name = fil; path = fil.lproj/InfoPlist.strings; sourceTree = "<group>"; };
		776B8D992C4586D0000CE0DE /* fr */ = {isa = PBXFileReference; lastKnownFileType = text.plist.strings; name = fr; path = fr.lproj/InfoPlist.strings; sourceTree = "<group>"; };
		776B8D992C4586D0000CE0DF /* ga */ = {isa = PBXFileReference; lastKnownFileType = text.plist.strings; name = ga; path = ga.lproj/InfoPlist.strings; sourceTree = "<group>"; };
		776B8D992C4586D0000CE0E0 /* he */ = {isa = PBXFileReference; lastKnownFileType = text.plist.strings; name = he; path = he.lproj/InfoPlist.strings; sourceTree = "<group>"; };
		776B8D992C4586D0000CE0E1 /* hr */ = {isa = PBXFileReference; lastKnownFileType = text.plist.strings; name = hr; path = hr.lproj/InfoPlist.strings; sourceTree = "<group>"; };
		776B8D992C4586D0000CE0E2 /* hu */ = {isa = PBXFileReference; lastKnownFileType = text.plist.strings; name = hu; path = hu.lproj/InfoPlist.strings; sourceTree = "<group>"; };
		776B8D992C4586D0000CE0E3 /* id */ = {isa = PBXFileReference; lastKnownFileType = text.plist.strings; name = id; path = id.lproj/InfoPlist.strings; sourceTree = "<group>"; };
		776B8D992C4586D0000CE0E4 /* it */ = {isa = PBXFileReference; lastKnownFileType = text.plist.strings; name = it; path = it.lproj/InfoPlist.strings; sourceTree = "<group>"; };
		776B8D992C4586D0000CE0E5 /* ja */ = {isa = PBXFileReference; lastKnownFileType = text.plist.strings; name = ja; path = ja.lproj/InfoPlist.strings; sourceTree = "<group>"; };
		776B8D992C4586D0000CE0E6 /* ko */ = {isa = PBXFileReference; lastKnownFileType = text.plist.strings; name = ko; path = ko.lproj/InfoPlist.strings; sourceTree = "<group>"; };
		776B8D992C4586D0000CE0E7 /* ms */ = {isa = PBXFileReference; lastKnownFileType = text.plist.strings; name = ms; path = ms.lproj/InfoPlist.strings; sourceTree = "<group>"; };
		776B8D992C4586D0000CE0E8 /* nb */ = {isa = PBXFileReference; lastKnownFileType = text.plist.strings; name = nb; path = nb.lproj/InfoPlist.strings; sourceTree = "<group>"; };
		776B8D992C4586D0000CE0E9 /* nl */ = {isa = PBXFileReference; lastKnownFileType = text.plist.strings; name = nl; path = nl.lproj/InfoPlist.strings; sourceTree = "<group>"; };
		776B8D992C4586D0000CE0EA /* pl */ = {isa = PBXFileReference; lastKnownFileType = text.plist.strings; name = pl; path = pl.lproj/InfoPlist.strings; sourceTree = "<group>"; };
		776B8D992C4586D0000CE0EB /* pt */ = {isa = PBXFileReference; lastKnownFileType = text.plist.strings; name = pt; path = pt.lproj/InfoPlist.strings; sourceTree = "<group>"; };
		776B8D992C4586D0000CE0EC /* ro */ = {isa = PBXFileReference; lastKnownFileType = text.plist.strings; name = ro; path = ro.lproj/InfoPlist.strings; sourceTree = "<group>"; };
		776B8D992C4586D0000CE0ED /* ru */ = {isa = PBXFileReference; lastKnownFileType = text.plist.strings; name = ru; path = ru.lproj/InfoPlist.strings; sourceTree = "<group>"; };
		776B8D992C4586D0000CE0EE /* sk */ = {isa = PBXFileReference; lastKnownFileType = text.plist.strings; name = sk; path = sk.lproj/InfoPlist.strings; sourceTree = "<group>"; };
		776B8D992C4586D0000CE0EF /* sv */ = {isa = PBXFileReference; lastKnownFileType = text.plist.strings; name = sv; path = sv.lproj/InfoPlist.strings; sourceTree = "<group>"; };
		776B8D992C4586D0000CE0F0 /* th */ = {isa = PBXFileReference; lastKnownFileType = text.plist.strings; name = th; path = th.lproj/InfoPlist.strings; sourceTree = "<group>"; };
		776B8D992C4586D0000CE0F1 /* tr */ = {isa = PBXFileReference; lastKnownFileType = text.plist.strings; name = tr; path = tr.lproj/InfoPlist.strings; sourceTree = "<group>"; };
		776B8D992C4586D0000CE0F2 /* uk */ = {isa = PBXFileReference; lastKnownFileType = text.plist.strings; name = uk; path = uk.lproj/InfoPlist.strings; sourceTree = "<group>"; };
		776B8D992C4586D0000CE0F3 /* vi */ = {isa = PBXFileReference; lastKnownFileType = text.plist.strings; name = vi; path = vi.lproj/InfoPlist.strings; sourceTree = "<group>"; };
		776B8D992C4586D0000CE0F4 /* zh */ = {isa = PBXFileReference; lastKnownFileType = text.plist.strings; name = zh; path = zh.lproj/InfoPlist.strings; sourceTree = "<group>"; };
		776B8D992C4586D0000CE0F5 /* zh-Hant */ = {isa = PBXFileReference; lastKnownFileType = text.plist.strings; name = "zh-Hant"; path = "zh-Hant.lproj/InfoPlist.strings"; sourceTree = "<group>"; };
		776B8D992C4586D0000CE201 /* cs */ = {isa = PBXFileReference; lastKnownFileType = text.plist.strings; name = cs; path = cs.lproj/Localizable.strings; sourceTree = "<group>"; };
		776B8D992C4586D0000CE202 /* he */ = {isa = PBXFileReference; lastKnownFileType = text.plist.strings; name = he; path = he.lproj/Localizable.strings; sourceTree = "<group>"; };
		776B8D992C4586D0000CE203 /* hr */ = {isa = PBXFileReference; lastKnownFileType = text.plist.strings; name = hr; path = hr.lproj/Localizable.strings; sourceTree = "<group>"; };
		776B8D992C4586D0000CE204 /* hu */ = {isa = PBXFileReference; lastKnownFileType = text.plist.strings; name = hu; path = hu.lproj/Localizable.strings; sourceTree = "<group>"; };
		776B8D992C4586D0000CE205 /* id */ = {isa = PBXFileReference; lastKnownFileType = text.plist.strings; name = id; path = id.lproj/Localizable.strings; sourceTree = "<group>"; };
		776B8D992C4586D0000CE206 /* ms */ = {isa = PBXFileReference; lastKnownFileType = text.plist.strings; name = ms; path = ms.lproj/Localizable.strings; sourceTree = "<group>"; };
		776B8D992C4586D0000CE207 /* pl */ = {isa = PBXFileReference; lastKnownFileType = text.plist.strings; name = pl; path = pl.lproj/Localizable.strings; sourceTree = "<group>"; };
		776B8D992C4586D0000CE208 /* ro */ = {isa = PBXFileReference; lastKnownFileType = text.plist.strings; name = ro; path = ro.lproj/Localizable.strings; sourceTree = "<group>"; };
		776B8D992C4586D0000CE209 /* sk */ = {isa = PBXFileReference; lastKnownFileType = text.plist.strings; name = sk; path = sk.lproj/Localizable.strings; sourceTree = "<group>"; };
		776B8D992C4586D0000CE210 /* uk */ = {isa = PBXFileReference; lastKnownFileType = text.plist.strings; name = uk; path = uk.lproj/Localizable.strings; sourceTree = "<group>"; };
		776B8D992C4586D0000CE211 /* vi */ = {isa = PBXFileReference; lastKnownFileType = text.plist.strings; name = vi; path = vi.lproj/Localizable.strings; sourceTree = "<group>"; };
		776B8D992C4586D0000CE212 /* zh-Hant */ = {isa = PBXFileReference; lastKnownFileType = text.plist.strings; name = "zh-Hant"; path = "zh-Hant.lproj/Localizable.strings"; sourceTree = "<group>"; };
		776B8D992C4586D0000CE401 /* TrackingManager.swift */ = {isa = PBXFileReference; lastKnownFileType = sourcecode.swift; path = TrackingManager.swift; sourceTree = "<group>"; };
		7780E9F32C3D847D00ADE1B4 /* CardItem.swift */ = {isa = PBXFileReference; lastKnownFileType = sourcecode.swift; path = CardItem.swift; sourceTree = "<group>"; };
		7780E9F52C3D89C700ADE1B4 /* Menu.swift */ = {isa = PBXFileReference; lastKnownFileType = sourcecode.swift; path = Menu.swift; sourceTree = "<group>"; };
		77810DBC2C26DF8B005ECE87 /* Splash.swift */ = {isa = PBXFileReference; lastKnownFileType = sourcecode.swift; path = Splash.swift; sourceTree = "<group>"; };
		77810DC02C26E03C005ECE87 /* Colors.swift */ = {isa = PBXFileReference; lastKnownFileType = sourcecode.swift; path = Colors.swift; sourceTree = "<group>"; };
		7794F9F22C3E2811001698EB /* ResultView.swift */ = {isa = PBXFileReference; lastKnownFileType = sourcecode.swift; path = ResultView.swift; sourceTree = "<group>"; };
		77C65CD72C40BC9200D8B584 /* Constants.swift */ = {isa = PBXFileReference; lastKnownFileType = sourcecode.swift; path = Constants.swift; sourceTree = "<group>"; };
		77C65CDA2C40C35F00D8B584 /* Upscaling.swift */ = {isa = PBXFileReference; lastKnownFileType = sourcecode.swift; path = Upscaling.swift; sourceTree = "<group>"; };
		77CABFEE2C27D12C00FBED06 /* PremiumCard.swift */ = {isa = PBXFileReference; lastKnownFileType = sourcecode.swift; path = PremiumCard.swift; sourceTree = "<group>"; };
		77CABFF12C27D71800FBED06 /* OperationType.swift */ = {isa = PBXFileReference; lastKnownFileType = sourcecode.swift; path = OperationType.swift; sourceTree = "<group>"; };
		77CE35FA2C1464160096007C /* BabyUltra.app */ = {isa = PBXFileReference; explicitFileType = wrapper.application; includeInIndex = 0; path = BabyUltra.app; sourceTree = BUILT_PRODUCTS_DIR; };
		77CE35FD2C1464160096007C /* BabyUltraApp.swift */ = {isa = PBXFileReference; lastKnownFileType = sourcecode.swift; path = BabyUltraApp.swift; sourceTree = "<group>"; };
		77CE36012C1464170096007C /* Assets.xcassets */ = {isa = PBXFileReference; lastKnownFileType = folder.assetcatalog; path = Assets.xcassets; sourceTree = "<group>"; };
		77CE36042C1464170096007C /* Preview Assets.xcassets */ = {isa = PBXFileReference; lastKnownFileType = folder.assetcatalog; path = "Preview Assets.xcassets"; sourceTree = "<group>"; };
		77CE360D2C1464D00096007C /* HomeView.swift */ = {isa = PBXFileReference; lastKnownFileType = sourcecode.swift; path = HomeView.swift; sourceTree = "<group>"; };
		77CE36102C1465660096007C /* Header.swift */ = {isa = PBXFileReference; lastKnownFileType = sourcecode.swift; path = Header.swift; sourceTree = "<group>"; };
		77D5BE802C3F66C200BA2723 /* ShareActivity.swift */ = {isa = PBXFileReference; lastKnownFileType = sourcecode.swift; path = ShareActivity.swift; sourceTree = "<group>"; };
		77EA14AB2C30199300DCA4C0 /* ProcessingImage.swift */ = {isa = PBXFileReference; lastKnownFileType = sourcecode.swift; path = ProcessingImage.swift; sourceTree = "<group>"; };
		77EA14AD2C301AB000DCA4C0 /* ImagePicker.swift */ = {isa = PBXFileReference; lastKnownFileType = sourcecode.swift; path = ImagePicker.swift; sourceTree = "<group>"; };
		77F7D5A52C439E8B00F78A4B /* PremiumView.swift */ = {isa = PBXFileReference; lastKnownFileType = sourcecode.swift; path = PremiumView.swift; sourceTree = "<group>"; };
		77FD33C42C429D2900C9DB28 /* PrompotView.swift */ = {isa = PBXFileReference; lastKnownFileType = sourcecode.swift; path = PrompotView.swift; sourceTree = "<group>"; };
		77FD33C62C42C42A00C9DB28 /* OperationTypes.swift */ = {isa = PBXFileReference; lastKnownFileType = sourcecode.swift; path = OperationTypes.swift; sourceTree = "<group>"; };
		77FE00002C3D847D00ADE1B4 /* PremiumGradientButton.swift */ = {isa = PBXFileReference; lastKnownFileType = sourcecode.swift; path = PremiumGradientButton.swift; sourceTree = "<group>"; };
		AABB00012C489A7500477E83 /* ThemeManager.swift */ = {isa = PBXFileReference; lastKnownFileType = sourcecode.swift; path = ThemeManager.swift; sourceTree = "<group>"; };
		AABB00042C489A7500477E83 /* MainTabView.swift */ = {isa = PBXFileReference; lastKnownFileType = sourcecode.swift; path = MainTabView.swift; sourceTree = "<group>"; };
		AABB00062C489A7500477E83 /* GenerationsView.swift */ = {isa = PBXFileReference; lastKnownFileType = sourcecode.swift; path = GenerationsView.swift; sourceTree = "<group>"; };
		AABB00092C489A7500477E83 /* ChatEditView.swift */ = {isa = PBXFileReference; lastKnownFileType = sourcecode.swift; path = ChatEditView.swift; sourceTree = "<group>"; };
		AABB000C2C489A7500477E83 /* AccountView.swift */ = {isa = PBXFileReference; lastKnownFileType = sourcecode.swift; path = AccountView.swift; sourceTree = "<group>"; };
		BBCC00012C489A7500000002 /* APIModels.swift */ = {isa = PBXFileReference; lastKnownFileType = sourcecode.swift; path = APIModels.swift; sourceTree = "<group>"; };
		BBCC00032C489A7500000004 /* APIClient.swift */ = {isa = PBXFileReference; lastKnownFileType = sourcecode.swift; path = APIClient.swift; sourceTree = "<group>"; };
		BBCC00052C489A7500000006 /* BabyUltraAPI.swift */ = {isa = PBXFileReference; lastKnownFileType = sourcecode.swift; path = BabyUltraAPI.swift; sourceTree = "<group>"; };
		BBCC00072C489A7500000008 /* AuthManager.swift */ = {isa = PBXFileReference; lastKnownFileType = sourcecode.swift; path = AuthManager.swift; sourceTree = "<group>"; };
		BBCC00092C489A750000000A /* HomeViewModel.swift */ = {isa = PBXFileReference; lastKnownFileType = sourcecode.swift; path = HomeViewModel.swift; sourceTree = "<group>"; };
		BBCC000B2C489A750000000C /* GenerationsViewModel.swift */ = {isa = PBXFileReference; lastKnownFileType = sourcecode.swift; path = GenerationsViewModel.swift; sourceTree = "<group>"; };
		BBCC000F2C489A7500000010 /* GoogleService-Info.plist */ = {isa = PBXFileReference; lastKnownFileType = text.plist.xml; path = "GoogleService-Info.plist"; sourceTree = "<group>"; };
		D27C3386968540DA9D09E76C61E4C24C /* UIImage+Orientation.swift */ = {isa = PBXFileReference; lastKnownFileType = sourcecode.swift; path = "UIImage+Orientation.swift"; sourceTree = "<group>"; };
		ISEED0009FREF01 /* InstallSeedStore.swift */ = {isa = PBXFileReference; lastKnownFileType = sourcecode.swift; path = InstallSeedStore.swift; sourceTree = "<group>"; };
/* End PBXFileReference section */

/* Begin PBXFrameworksBuildPhase section */
		77CE35F72C1464160096007C /* Frameworks */ = {
			isa = PBXFrameworksBuildPhase;
			buildActionMask = 2147483647;
			files = (
				5A6004102F95F0010057469C /* VariableBlur in Frameworks */,
				5A60040D2F95B6920057469C /* FirebaseMessaging in Frameworks */,
				5A60040C2F95B6920057469C /* FirebaseAuth in Frameworks */,
				5A60040B2F95B6920057469C /* FirebaseCore in Frameworks */,
				77FD33C22C42567700C9DB28 /* SDWebImageSwiftUI in Frameworks */,
				5A3934332F9AD20800873A0B /* RevenueCat in Frameworks */,
				77EA14B12C301FA000DCA4C0 /* Shimmer in Frameworks */,
				77CABFF52C27D92A00FBED06 /* Alamofire in Frameworks */,
				5A3934352F9AD20800873A0B /* RevenueCatUI in Frameworks */,
				5A56C4062F9ACE63006FC6BE /* Lottie in Frameworks */,
				2004B9AB37CCCC69DD6DF4D7 /* FacebookCore in Frameworks */,
			);
			runOnlyForDeploymentPostprocessing = 0;
		};
/* End PBXFrameworksBuildPhase section */

/* Begin PBXGroup section */
		5A13CDC72F9A5A8E00DB3A3E /* Intro Videos */ = {
			isa = PBXGroup;
			children = (
				5A13CDCB2F9A5AB400DB3A3E /* resolation.mp4 */,
				5A13CDCD2F9A5ABA00DB3A3E /* cleanup.mp4 */,
			);
			path = "Intro Videos";
			sourceTree = "<group>";
		};
		5A13CDC82F9A5A9700DB3A3E /* View Models */ = {
			isa = PBXGroup;
			children = (
				5A13CDC92F9A5A9D00DB3A3E /* Intro_Video.swift */,
			);
			path = "View Models";
			sourceTree = "<group>";
		};
		5A333EEA2F9A59B1007E557A /* Onboarding */ = {
			isa = PBXGroup;
			children = (
				5A13CDC72F9A5A8E00DB3A3E /* Intro Videos */,
				5A13CDC82F9A5A9700DB3A3E /* View Models */,
				5A13CDCF2F9A5ADB00DB3A3E /* Intro.swift */,
			);
			path = Onboarding;
			sourceTree = "<group>";
		};
		776B8D0F2C4583CB000CE25E /* Localization */ = {
			isa = PBXGroup;
			children = (
				776B8D992C4586D0000CE200 /* InfoPlist.strings */,
				776B8D102C45840B000CE25E /* Localizable.strings */,
			);
			path = Localization;
			sourceTree = "<group>";
		};
		77810DBE2C26DF93005ECE87 /* Splash */ = {
			isa = PBXGroup;
			children = (
				77810DBC2C26DF8B005ECE87 /* Splash.swift */,
			);
			path = Splash;
			sourceTree = "<group>";
		};
		77810DBF2C26E02E005ECE87 /* Extension */ = {
			isa = PBXGroup;
			children = (
				77810DC02C26E03C005ECE87 /* Colors.swift */,
				77D5BE802C3F66C200BA2723 /* ShareActivity.swift */,
				D27C3386968540DA9D09E76C61E4C24C /* UIImage+Orientation.swift */,
			);
			path = Extension;
			sourceTree = "<group>";
		};
		7794F9F12C3E27F8001698EB /* Result Page */ = {
			isa = PBXGroup;
			children = (
				7794F9F22C3E2811001698EB /* ResultView.swift */,
			);
			path = "Result Page";
			sourceTree = "<group>";
		};
		77C65CD62C40BC8200D8B584 /* Utilities */ = {
			isa = PBXGroup;
			children = (
				77C65CD72C40BC9200D8B584 /* Constants.swift */,
				7738703A2C48A60700477E83 /* CoinCounter.swift */,
				ISEED0009FREF01 /* InstallSeedStore.swift */,
				189955A8F2D6B645E3FC69BA /* AppState.swift */,
			);
			path = Utilities;
			sourceTree = "<group>";
		};
		77C65CD92C40C35100D8B584 /* Upscaling */ = {
			isa = PBXGroup;
			children = (
				77C65CDA2C40C35F00D8B584 /* Upscaling.swift */,
			);
			path = Upscaling;
			sourceTree = "<group>";
		};
		77CABFF02C27D6B600FBED06 /* ViewModels */ = {
			isa = PBXGroup;
			children = (
				77CABFF12C27D71800FBED06 /* OperationType.swift */,
				77EA14AD2C301AB000DCA4C0 /* ImagePicker.swift */,
				77FD33C62C42C42A00C9DB28 /* OperationTypes.swift */,
				BBCC00092C489A750000000A /* HomeViewModel.swift */,
				BBCC000B2C489A750000000C /* GenerationsViewModel.swift */,
			);
			path = ViewModels;
			sourceTree = "<group>";
		};
		77CE35F12C1464160096007C = {
			isa = PBXGroup;
			children = (
				77CE35FC2C1464160096007C /* BabyUltra */,
				77CE35FB2C1464160096007C /* Products */,
				5A5071622F9838010012C7EF /* Icon.icon */,
			);
			sourceTree = "<group>";
		};
		77CE35FB2C1464160096007C /* Products */ = {
			isa = PBXGroup;
			children = (
				77CE35FA2C1464160096007C /* BabyUltra.app */,
			);
			name = Products;
			sourceTree = "<group>";
		};
		77CE35FC2C1464160096007C /* BabyUltra */ = {
			isa = PBXGroup;
			children = (
				5AAA35CA2F9EED910028B685 /* Info.plist */,
				5AAA35C92F9EED6E0028B685 /* BabyUltra.entitlements */,
				77CE35FD2C1464160096007C /* BabyUltraApp.swift */,
				BBCC000F2C489A7500000010 /* GoogleService-Info.plist */,
				AABB00032C489A7500477E83 /* Theme */,
				776B8D0F2C4583CB000CE25E /* Localization */,
				77C65CD62C40BC8200D8B584 /* Utilities */,
				77CABFF02C27D6B600FBED06 /* ViewModels */,
				BBCC00002C489A7500000001 /* Services */,
				77810DBF2C26E02E005ECE87 /* Extension */,
				77CE360F2C1465540096007C /* Components */,
				77CE360B2C1464A70096007C /* Views */,
				77CE36012C1464170096007C /* Assets.xcassets */,
				77CE36032C1464170096007C /* Preview Content */,
				7FDF2B958566EDE20F2BE00C /* Resources */,
				5A650AF12FA4D8D6000F48C3 /* PrivacyInfo.xcprivacy */,
			);
			path = BabyUltra;
			sourceTree = "<group>";
		};
		77CE36032C1464170096007C /* Preview Content */ = {
			isa = PBXGroup;
			children = (
				77CE36042C1464170096007C /* Preview Assets.xcassets */,
			);
			path = "Preview Content";
			sourceTree = "<group>";
		};
		77CE360B2C1464A70096007C /* Views */ = {
			isa = PBXGroup;
			children = (
				AABB00042C489A7500477E83 /* MainTabView.swift */,
				77F7D5A42C439E7D00F78A4B /* Premium */,
				77FD33C32C429D1100C9DB28 /* Prompt */,
				77C65CD92C40C35100D8B584 /* Upscaling */,
				7794F9F12C3E27F8001698EB /* Result Page */,
				77810DBE2C26DF93005ECE87 /* Splash */,
				77CE360C2C1464AF0096007C /* Home */,
				5A333EEA2F9A59B1007E557A /* Onboarding */,
				AABB00082C489A7500477E83 /* Generations */,
				AABB000B2C489A7500477E83 /* ChatEdit */,
				AABB000E2C489A7500477E83 /* Account */,
				77EA14AB2C30199300DCA4C0 /* ProcessingImage.swift */,
				6A6A19C9E87ED4525D9D2FCB /* TransformView.swift */,
				AF17AA1770F966FBE2BEB91F /* Components */,
			);
			path = Views;
			sourceTree = "<group>";
		};
		77CE360C2C1464AF0096007C /* Home */ = {
			isa = PBXGroup;
			children = (
				77CE360D2C1464D00096007C /* HomeView.swift */,
				7780E9F52C3D89C700ADE1B4 /* Menu.swift */,
			);
			path = Home;
			sourceTree = "<group>";
		};
		77CE360F2C1465540096007C /* Components */ = {
			isa = PBXGroup;
			children = (
				77CE36102C1465660096007C /* Header.swift */,
				77CABFEE2C27D12C00FBED06 /* PremiumCard.swift */,
				7780E9F32C3D847D00ADE1B4 /* CardItem.swift */,
				77FE00002C3D847D00ADE1B4 /* PremiumGradientButton.swift */,
			);
			path = Components;
			sourceTree = "<group>";
		};
		77F7D5A42C439E7D00F78A4B /* Premium */ = {
			isa = PBXGroup;
			children = (
				77F7D5A52C439E8B00F78A4B /* PremiumView.swift */,
				773870302C489A7500477E83 /* SubscriptionManager.swift */,
				773870322C489AB300477E83 /* EntitlementManager.swift */,
			);
			path = Premium;
			sourceTree = "<group>";
		};
		77FD33C32C429D1100C9DB28 /* Prompt */ = {
			isa = PBXGroup;
			children = (
				77FD33C42C429D2900C9DB28 /* PrompotView.swift */,
			);
			path = Prompt;
			sourceTree = "<group>";
		};
		7FDF2B958566EDE20F2BE00C /* Resources */ = {
			isa = PBXGroup;
			children = (
				5A56C40B2F9ACED7006FC6BE /* generation.json */,
			);
			path = Resources;
			sourceTree = "<group>";
		};
		AABB00032C489A7500477E83 /* Theme */ = {
			isa = PBXGroup;
			children = (
				AABB00012C489A7500477E83 /* ThemeManager.swift */,
			);
			path = Theme;
			sourceTree = "<group>";
		};
		AABB00082C489A7500477E83 /* Generations */ = {
			isa = PBXGroup;
			children = (
				AABB00062C489A7500477E83 /* GenerationsView.swift */,
			);
			path = Generations;
			sourceTree = "<group>";
		};
		AABB000B2C489A7500477E83 /* ChatEdit */ = {
			isa = PBXGroup;
			children = (
				AABB00092C489A7500477E83 /* ChatEditView.swift */,
				5A3B5E062F99A03B00F10C0D /* ChatEditViewModel.swift */,
			);
			path = ChatEdit;
			sourceTree = "<group>";
		};
		AABB000E2C489A7500477E83 /* Account */ = {
			isa = PBXGroup;
			children = (
				AABB000C2C489A7500477E83 /* AccountView.swift */,
			);
			path = Account;
			sourceTree = "<group>";
		};
		AF17AA1770F966FBE2BEB91F /* Components */ = {
			isa = PBXGroup;
			children = (
				5A56C4092F9ACE97006FC6BE /* LottieView.swift */,
			);
			path = Components;
			sourceTree = "<group>";
		};
		BBCC00002C489A7500000001 /* Services */ = {
			isa = PBXGroup;
			children = (
				776B8D992C4586D0000CE401 /* TrackingManager.swift */,
				BBCC00012C489A7500000002 /* APIModels.swift */,
				BBCC00032C489A7500000004 /* APIClient.swift */,
				BBCC00052C489A7500000006 /* BabyUltraAPI.swift */,
				BBCC00072C489A7500000008 /* AuthManager.swift */,
			);
			path = Services;
			sourceTree = "<group>";
		};
/* End PBXGroup section */

/* Begin PBXNativeTarget section */
		77CE35F92C1464160096007C /* BabyUltra */ = {
			isa = PBXNativeTarget;
			buildConfigurationList = 77CE36082C1464170096007C /* Build configuration list for PBXNativeTarget "BabyUltra" */;
			buildPhases = (
				77CE35F62C1464160096007C /* Sources */,
				77CE35F72C1464160096007C /* Frameworks */,
				77CE35F82C1464160096007C /* Resources */,
			);
			buildRules = (
			);
			dependencies = (
			);
			name = BabyUltra;
			packageProductDependencies = (
				77CABFF42C27D92A00FBED06 /* Alamofire */,
				77EA14B02C301FA000DCA4C0 /* Shimmer */,
				77FD33C12C42567700C9DB28 /* SDWebImageSwiftUI */,
				FIREBASE0002SPMDEP /* FirebaseCore */,
				FIREBASE0003SPMDEP /* FirebaseAuth */,
				FIREBASE0004SPMDEP /* FirebaseMessaging */,
				5A6004112F95F0010057469C /* VariableBlur */,
				5A56C4052F9ACE63006FC6BE /* Lottie */,
				5A3934322F9AD20800873A0B /* RevenueCat */,
				5A3934342F9AD20800873A0B /* RevenueCatUI */,
				78BB6FC95F9CCCEABD41840D /* FacebookCore */,
			);
			productName = BabyUltra;
			productReference = 77CE35FA2C1464160096007C /* BabyUltra.app */;
			productType = "com.apple.product-type.application";
		};
/* End PBXNativeTarget section */

/* Begin PBXProject section */
		77CE35F22C1464160096007C /* Project object */ = {
			isa = PBXProject;
			attributes = {
				BuildIndependentTargetsInParallel = 1;
				LastSwiftUpdateCheck = 1540;
				LastUpgradeCheck = 2640;
				TargetAttributes = {
					77CE35F92C1464160096007C = {
						CreatedOnToolsVersion = 15.4;
					};
				};
			};
			buildConfigurationList = 77CE35F52C1464160096007C /* Build configuration list for PBXProject "BabyUltra" */;
			compatibilityVersion = "Xcode 14.0";
			developmentRegion = en;
			hasScannedForEncodings = 0;
			knownRegions = (
				en,
				Base,
				ar,
				cs,
				da,
				de,
				el,
				es,
				fi,
				fil,
				fr,
				ga,
				he,
				hr,
				hu,
				id,
				it,
				ja,
				ko,
				ms,
				nb,
				nl,
				pl,
				pt,
				ro,
				ru,
				sk,
				sv,
				th,
				tr,
				uk,
				vi,
				zh,
				"zh-Hant",
			);
			mainGroup = 77CE35F12C1464160096007C;
			packageReferences = (
				77CABFF32C27D92A00FBED06 /* XCRemoteSwiftPackageReference "Alamofire" */,
				77EA14AF2C301FA000DCA4C0 /* XCRemoteSwiftPackageReference "SwiftUI-Shimmer" */,
				77FD33C02C42567700C9DB28 /* XCRemoteSwiftPackageReference "SDWebImageSwiftUI" */,
				FIREBASE0001SPMREF /* XCRemoteSwiftPackageReference "firebase-ios-sdk" */,
				5A6004122F95F0010057469C /* XCRemoteSwiftPackageReference "VariableBlur" */,
				5A56C4042F9ACE63006FC6BE /* XCRemoteSwiftPackageReference "lottie-ios" */,
				5A3934312F9AD20800873A0B /* XCRemoteSwiftPackageReference "purchases-ios" */,
				27F4240BA807F90666979854 /* XCRemoteSwiftPackageReference "facebook-ios-sdk" */,
			);
			productRefGroup = 77CE35FB2C1464160096007C /* Products */;
			projectDirPath = "";
			projectRoot = "";
			targets = (
				77CE35F92C1464160096007C /* BabyUltra */,
			);
		};
/* End PBXProject section */

/* Begin PBXResourcesBuildPhase section */
		77CE35F82C1464160096007C /* Resources */ = {
			isa = PBXResourcesBuildPhase;
			buildActionMask = 2147483647;
			files = (
				776B8D992C4586D0000CE300 /* InfoPlist.strings in Resources */,
				5A56C40C2F9ACED7006FC6BE /* generation.json in Resources */,
				5A5071632F9838010012C7EF /* Icon.icon in Resources */,
				5A13CDCE2F9A5ABA00DB3A3E /* cleanup.mp4 in Resources */,
				5A650AF22FA4D8D6000F48C3 /* PrivacyInfo.xcprivacy in Resources */,
				5A13CDCC2F9A5AB400DB3A3E /* resolation.mp4 in Resources */,
				776B8D122C45840B000CE25E /* Localizable.strings in Resources */,
				77CE36052C1464170096007C /* Preview Assets.xcassets in Resources */,
				77CE36022C1464170096007C /* Assets.xcassets in Resources */,
				BBCC000E2C489A750000000F /* GoogleService-Info.plist in Resources */,
			);
			runOnlyForDeploymentPostprocessing = 0;
		};
/* End PBXResourcesBuildPhase section */

/* Begin PBXSourcesBuildPhase section */
		77CE35F62C1464160096007C /* Sources */ = {
			isa = PBXSourcesBuildPhase;
			buildActionMask = 2147483647;
			files = (
				776B8D992C4586D0000CE402 /* TrackingManager.swift in Sources */,
				773870312C489A7500477E83 /* SubscriptionManager.swift in Sources */,
				77FD33C52C429D2900C9DB28 /* PrompotView.swift in Sources */,
				77EA14AE2C301AB100DCA4C0 /* ImagePicker.swift in Sources */,
				77C65CDB2C40C35F00D8B584 /* Upscaling.swift in Sources */,
				77EA14AC2C30199300DCA4C0 /* ProcessingImage.swift in Sources */,
				7738703B2C48A60700477E83 /* CoinCounter.swift in Sources */,
				77CE36112C1465660096007C /* Header.swift in Sources */,
				5A56C40A2F9ACE97006FC6BE /* LottieView.swift in Sources */,
				77FD33C72C42C42A00C9DB28 /* OperationTypes.swift in Sources */,
				77D5BE812C3F66C200BA2723 /* ShareActivity.swift in Sources */,
				668EA5AEDB7A455EAD825F3C29316EBF /* UIImage+Orientation.swift in Sources */,
				7794F9F32C3E2811001698EB /* ResultView.swift in Sources */,
				77CABFF22C27D71800FBED06 /* OperationType.swift in Sources */,
				77CABFEF2C27D12C00FBED06 /* PremiumCard.swift in Sources */,
				77F7D5A62C439E8B00F78A4B /* PremiumView.swift in Sources */,
				77CE360E2C1464D00096007C /* HomeView.swift in Sources */,
				5A13CDD02F9A5ADB00DB3A3E /* Intro.swift in Sources */,
				77810DC12C26E03C005ECE87 /* Colors.swift in Sources */,
				7780E9F62C3D89C700ADE1B4 /* Menu.swift in Sources */,
				77810DBD2C26DF8B005ECE87 /* Splash.swift in Sources */,
				773870332C489AB300477E83 /* EntitlementManager.swift in Sources */,
				7780E9F42C3D847D00ADE1B4 /* CardItem.swift in Sources */,
				77FE00012C3D847D00ADE1B4 /* PremiumGradientButton.swift in Sources */,
				77CE35FE2C1464160096007C /* BabyUltraApp.swift in Sources */,
				77C65CD82C40BC9200D8B584 /* Constants.swift in Sources */,
				AABB00022C489A7500477E83 /* ThemeManager.swift in Sources */,
				5A13CDCA2F9A5A9D00DB3A3E /* Intro_Video.swift in Sources */,
				AABB00052C489A7500477E83 /* MainTabView.swift in Sources */,
				5A3B5E072F99A03B00F10C0D /* ChatEditViewModel.swift in Sources */,
				AABB00072C489A7500477E83 /* GenerationsView.swift in Sources */,
				AABB000A2C489A7500477E83 /* ChatEditView.swift in Sources */,
				AABB000D2C489A7500477E83 /* AccountView.swift in Sources */,
				BBCC00022C489A7500000003 /* APIModels.swift in Sources */,
				BBCC00042C489A7500000005 /* APIClient.swift in Sources */,
				BBCC00062C489A7500000007 /* BabyUltraAPI.swift in Sources */,
				BBCC00082C489A7500000009 /* AuthManager.swift in Sources */,
				BBCC000A2C489A750000000B /* HomeViewModel.swift in Sources */,
				BBCC000C2C489A750000000D /* GenerationsViewModel.swift in Sources */,
				ISEED0009FBLD01 /* InstallSeedStore.swift in Sources */,
				FF84741728D8C9CD37A1F001 /* TransformView.swift in Sources */,
				F62C00FED91A58E0AF2CA7A7 /* AppState.swift in Sources */,
			);
			runOnlyForDeploymentPostprocessing = 0;
		};
/* End PBXSourcesBuildPhase section */

/* Begin PBXVariantGroup section */
		776B8D102C45840B000CE25E /* Localizable.strings */ = {
			isa = PBXVariantGroup;
			children = (
				776B8D992C4586D0000CE203 /* hr */,
				776B8D992C4586D0000CE208 /* ro */,
				776B8D992C4586D0000CE201 /* cs */,
				776B8D992C4586D0000CE205 /* id */,
				776B8D992C4586D0000CE206 /* ms */,
				776B8D992C4586D0000CE210 /* uk */,
				776B8D992C4586D0000CE211 /* vi */,
				776B8D992C4586D0000CE207 /* pl */,
				776B8D992C4586D0000CE204 /* hu */,
				776B8D992C4586D0000CE209 /* sk */,
				776B8D992C4586D0000CE202 /* he */,
				776B8D992C4586D0000CE212 /* zh-Hant */,
				776B8D112C45840B000CE25E /* en */,
				776B8D132C4586D0000CE25E /* fr */,
				776B8D142C4586D3000CE25E /* de */,
				776B8D152C4586D4000CE25E /* es */,
				776B8D162C4586D5000CE25E /* tr */,
				776B8D172C4586D6000CE25E /* it */,
				776B8D182C4586D7000CE25E /* pt */,
				776B8D192C4586D8000CE25E /* ru */,
				776B8D1A2C4586D9000CE25E /* ja */,
				776B8D1B2C4586DA000CE25E /* ko */,
				776B8D1C2C4586DB000CE25E /* zh */,
				776B8D1D2C4586DC000CE25E /* ar */,
				776B8D1E2C4586DD000CE25E /* da */,
				776B8D1F2C4586DE000CE25E /* fi */,
				776B8D202C4586DF000CE25E /* el */,
				776B8D212C4586E0000CE25E /* nl */,
				776B8D222C4586E1000CE25E /* sv */,
				776B8D232C4586E2000CE25E /* nb */,
				776B8D242C4586E3000CE25E /* ga */,
				776B8D252C4586E4000CE25E /* th */,
			);
			name = Localizable.strings;
			sourceTree = "<group>";
		};
		776B8D992C4586D0000CE200 /* InfoPlist.strings */ = {
			isa = PBXVariantGroup;
			children = (
				776B8D992C4586D0000CE0D5 /* ar */,
				776B8D992C4586D0000CE0D6 /* cs */,
				776B8D992C4586D0000CE0D7 /* da */,
				776B8D992C4586D0000CE0D8 /* de */,
				776B8D992C4586D0000CE0D9 /* el */,
				776B8D992C4586D0000CE0DA /* en */,
				776B8D992C4586D0000CE0DB /* es */,
				776B8D992C4586D0000CE0DC /* fi */,
				776B8D992C4586D0000CE0DD /* fil */,
				776B8D992C4586D0000CE0DE /* fr */,
				776B8D992C4586D0000CE0DF /* ga */,
				776B8D992C4586D0000CE0E0 /* he */,
				776B8D992C4586D0000CE0E1 /* hr */,
				776B8D992C4586D0000CE0E2 /* hu */,
				776B8D992C4586D0000CE0E3 /* id */,
				776B8D992C4586D0000CE0E4 /* it */,
				776B8D992C4586D0000CE0E5 /* ja */,
				776B8D992C4586D0000CE0E6 /* ko */,
				776B8D992C4586D0000CE0E7 /* ms */,
				776B8D992C4586D0000CE0E8 /* nb */,
				776B8D992C4586D0000CE0E9 /* nl */,
				776B8D992C4586D0000CE0EA /* pl */,
				776B8D992C4586D0000CE0EB /* pt */,
				776B8D992C4586D0000CE0EC /* ro */,
				776B8D992C4586D0000CE0ED /* ru */,
				776B8D992C4586D0000CE0EE /* sk */,
				776B8D992C4586D0000CE0EF /* sv */,
				776B8D992C4586D0000CE0F0 /* th */,
				776B8D992C4586D0000CE0F1 /* tr */,
				776B8D992C4586D0000CE0F2 /* uk */,
				776B8D992C4586D0000CE0F3 /* vi */,
				776B8D992C4586D0000CE0F4 /* zh */,
				776B8D992C4586D0000CE0F5 /* zh-Hant */,
			);
			name = InfoPlist.strings;
			sourceTree = "<group>";
		};
/* End PBXVariantGroup section */

/* Begin XCBuildConfiguration section */
		77CE36062C1464170096007C /* Debug */ = {
			isa = XCBuildConfiguration;
			buildSettings = {
				ALWAYS_SEARCH_USER_PATHS = NO;
				ASSETCATALOG_COMPILER_GENERATE_SWIFT_ASSET_SYMBOL_EXTENSIONS = YES;
				CLANG_ANALYZER_LOCALIZABILITY_NONLOCALIZED = YES;
				CLANG_ANALYZER_NONNULL = YES;
				CLANG_ANALYZER_NUMBER_OBJECT_CONVERSION = YES_AGGRESSIVE;
				CLANG_CXX_LANGUAGE_STANDARD = "gnu++20";
				CLANG_ENABLE_MODULES = YES;
				CLANG_ENABLE_OBJC_ARC = YES;
				CLANG_ENABLE_OBJC_WEAK = YES;
				CLANG_WARN_BLOCK_CAPTURE_AUTORELEASING = YES;
				CLANG_WARN_BOOL_CONVERSION = YES;
				CLANG_WARN_COMMA = YES;
				CLANG_WARN_CONSTANT_CONVERSION = YES;
				CLANG_WARN_DEPRECATED_OBJC_IMPLEMENTATIONS = YES;
				CLANG_WARN_DIRECT_OBJC_ISA_USAGE = YES_ERROR;
				CLANG_WARN_DOCUMENTATION_COMMENTS = YES;
				CLANG_WARN_EMPTY_BODY = YES;
				CLANG_WARN_ENUM_CONVERSION = YES;
				CLANG_WARN_INFINITE_RECURSION = YES;
				CLANG_WARN_INT_CONVERSION = YES;
				CLANG_WARN_NON_LITERAL_NULL_CONVERSION = YES;
				CLANG_WARN_OBJC_IMPLICIT_RETAIN_SELF = YES;
				CLANG_WARN_OBJC_LITERAL_CONVERSION = YES;
				CLANG_WARN_OBJC_ROOT_CLASS = YES_ERROR;
				CLANG_WARN_QUOTED_INCLUDE_IN_FRAMEWORK_HEADER = YES;
				CLANG_WARN_RANGE_LOOP_ANALYSIS = YES;
				CLANG_WARN_STRICT_PROTOTYPES = YES;
				CLANG_WARN_SUSPICIOUS_MOVE = YES;
				CLANG_WARN_UNGUARDED_AVAILABILITY = YES_AGGRESSIVE;
				CLANG_WARN_UNREACHABLE_CODE = YES;
				CLANG_WARN__DUPLICATE_METHOD_MATCH = YES;
				COPY_PHASE_STRIP = NO;
				DEBUG_INFORMATION_FORMAT = dwarf;
				DEVELOPMENT_TEAM = C49T444S56;
				ENABLE_STRICT_OBJC_MSGSEND = YES;
				ENABLE_TESTABILITY = YES;
				ENABLE_USER_SCRIPT_SANDBOXING = YES;
				GCC_C_LANGUAGE_STANDARD = gnu17;
				GCC_DYNAMIC_NO_PIC = NO;
				GCC_NO_COMMON_BLOCKS = YES;
				GCC_OPTIMIZATION_LEVEL = 0;
				GCC_PREPROCESSOR_DEFINITIONS = (
					"DEBUG=1",
					"$(inherited)",
				);
				GCC_WARN_64_TO_32_BIT_CONVERSION = YES;
				GCC_WARN_ABOUT_RETURN_TYPE = YES_ERROR;
				GCC_WARN_UNDECLARED_SELECTOR = YES;
				GCC_WARN_UNINITIALIZED_AUTOS = YES_AGGRESSIVE;
				GCC_WARN_UNUSED_FUNCTION = YES;
				GCC_WARN_UNUSED_VARIABLE = YES;
				IPHONEOS_DEPLOYMENT_TARGET = 17.5;
				LOCALIZATION_PREFERS_STRING_CATALOGS = YES;
				MTL_ENABLE_DEBUG_INFO = INCLUDE_SOURCE;
				MTL_FAST_MATH = YES;
				ONLY_ACTIVE_ARCH = YES;
				SDKROOT = iphoneos;
				STRING_CATALOG_GENERATE_SYMBOLS = YES;
				SWIFT_ACTIVE_COMPILATION_CONDITIONS = "DEBUG $(inherited)";
				SWIFT_OPTIMIZATION_LEVEL = "-Onone";
			};
			name = Debug;
		};
		77CE36072C1464170096007C /* Release */ = {
			isa = XCBuildConfiguration;
			buildSettings = {
				ALWAYS_SEARCH_USER_PATHS = NO;
				ASSETCATALOG_COMPILER_GENERATE_SWIFT_ASSET_SYMBOL_EXTENSIONS = YES;
				CLANG_ANALYZER_LOCALIZABILITY_NONLOCALIZED = YES;
				CLANG_ANALYZER_NONNULL = YES;
				CLANG_ANALYZER_NUMBER_OBJECT_CONVERSION = YES_AGGRESSIVE;
				CLANG_CXX_LANGUAGE_STANDARD = "gnu++20";
				CLANG_ENABLE_MODULES = YES;
				CLANG_ENABLE_OBJC_ARC = YES;
				CLANG_ENABLE_OBJC_WEAK = YES;
				CLANG_WARN_BLOCK_CAPTURE_AUTORELEASING = YES;
				CLANG_WARN_BOOL_CONVERSION = YES;
				CLANG_WARN_COMMA = YES;
				CLANG_WARN_CONSTANT_CONVERSION = YES;
				CLANG_WARN_DEPRECATED_OBJC_IMPLEMENTATIONS = YES;
				CLANG_WARN_DIRECT_OBJC_ISA_USAGE = YES_ERROR;
				CLANG_WARN_DOCUMENTATION_COMMENTS = YES;
				CLANG_WARN_EMPTY_BODY = YES;
				CLANG_WARN_ENUM_CONVERSION = YES;
				CLANG_WARN_INFINITE_RECURSION = YES;
				CLANG_WARN_INT_CONVERSION = YES;
				CLANG_WARN_NON_LITERAL_NULL_CONVERSION = YES;
				CLANG_WARN_OBJC_IMPLICIT_RETAIN_SELF = YES;
				CLANG_WARN_OBJC_LITERAL_CONVERSION = YES;
				CLANG_WARN_OBJC_ROOT_CLASS = YES_ERROR;
				CLANG_WARN_QUOTED_INCLUDE_IN_FRAMEWORK_HEADER = YES;
				CLANG_WARN_RANGE_LOOP_ANALYSIS = YES;
				CLANG_WARN_STRICT_PROTOTYPES = YES;
				CLANG_WARN_SUSPICIOUS_MOVE = YES;
				CLANG_WARN_UNGUARDED_AVAILABILITY = YES_AGGRESSIVE;
				CLANG_WARN_UNREACHABLE_CODE = YES;
				CLANG_WARN__DUPLICATE_METHOD_MATCH = YES;
				COPY_PHASE_STRIP = NO;
				DEBUG_INFORMATION_FORMAT = "dwarf-with-dsym";
				DEVELOPMENT_TEAM = C49T444S56;
				ENABLE_NS_ASSERTIONS = NO;
				ENABLE_STRICT_OBJC_MSGSEND = YES;
				ENABLE_USER_SCRIPT_SANDBOXING = YES;
				GCC_C_LANGUAGE_STANDARD = gnu17;
				GCC_NO_COMMON_BLOCKS = YES;
				GCC_WARN_64_TO_32_BIT_CONVERSION = YES;
				GCC_WARN_ABOUT_RETURN_TYPE = YES_ERROR;
				GCC_WARN_UNDECLARED_SELECTOR = YES;
				GCC_WARN_UNINITIALIZED_AUTOS = YES_AGGRESSIVE;
				GCC_WARN_UNUSED_FUNCTION = YES;
				GCC_WARN_UNUSED_VARIABLE = YES;
				IPHONEOS_DEPLOYMENT_TARGET = 17.5;
				LOCALIZATION_PREFERS_STRING_CATALOGS = YES;
				MTL_ENABLE_DEBUG_INFO = NO;
				MTL_FAST_MATH = YES;
				SDKROOT = iphoneos;
				STRING_CATALOG_GENERATE_SYMBOLS = YES;
				SWIFT_COMPILATION_MODE = wholemodule;
				VALIDATE_PRODUCT = YES;
			};
			name = Release;
		};
		77CE36092C1464170096007C /* Debug */ = {
			isa = XCBuildConfiguration;
			buildSettings = {
				ASSETCATALOG_COMPILER_APPICON_NAME = Icon;
				ASSETCATALOG_COMPILER_GLOBAL_ACCENT_COLOR_NAME = AccentColor;
				CODE_SIGN_ENTITLEMENTS = BabyUltra/BabyUltra.entitlements;
				CODE_SIGN_STYLE = Automatic;
				CURRENT_PROJECT_VERSION = 1;
				DEVELOPMENT_ASSET_PATHS = "\"BabyUltra/Preview Content\"";
				ENABLE_PREVIEWS = YES;
				GENERATE_INFOPLIST_FILE = YES;
				INFOPLIST_FILE = BabyUltra/Info.plist;
				INFOPLIST_KEY_CFBundleDisplayName = BabyUltra;
				INFOPLIST_KEY_LSApplicationCategoryType = "public.app-category.photography";
				INFOPLIST_KEY_NSCameraUsageDescription = "BabyUltra needs camera access so you can take photos to transform with AI.";
				INFOPLIST_KEY_NSPhotoLibraryUsageDescription = "BabyUltra needs access to your photo library so you can select photos to transform with AI and save generated results.";
				INFOPLIST_KEY_UIApplicationSceneManifest_Generation = YES;
				INFOPLIST_KEY_UIApplicationSupportsIndirectInputEvents = YES;
				INFOPLIST_KEY_UILaunchScreen_Generation = YES;
				INFOPLIST_KEY_UIStatusBarHidden = NO;
				INFOPLIST_KEY_UIStatusBarStyle = UIStatusBarStyleLightContent;
				INFOPLIST_KEY_UISupportedInterfaceOrientations_iPad = "UIInterfaceOrientationPortrait UIInterfaceOrientationPortraitUpsideDown UIInterfaceOrientationLandscapeLeft UIInterfaceOrientationLandscapeRight";
				INFOPLIST_KEY_UISupportedInterfaceOrientations_iPhone = "UIInterfaceOrientationPortrait UIInterfaceOrientationLandscapeLeft UIInterfaceOrientationLandscapeRight";
				IPHONEOS_DEPLOYMENT_TARGET = 17.0;
				LD_RUNPATH_SEARCH_PATHS = (
					"$(inherited)",
					"@executable_path/Frameworks",
				);
				MARKETING_VERSION = 1.0.0;
				PRODUCT_BUNDLE_IDENTIFIER = com.fagore.BabyUltra;
				PRODUCT_NAME = "$(TARGET_NAME)";
				SUPPORTED_PLATFORMS = "iphoneos iphonesimulator";
				SUPPORTS_MACCATALYST = NO;
				SUPPORTS_MAC_DESIGNED_FOR_IPHONE_IPAD = NO;
				SWIFT_EMIT_LOC_STRINGS = YES;
				SWIFT_VERSION = 5.0;
				TARGETED_DEVICE_FAMILY = 1;
			};
			name = Debug;
		};
		77CE360A2C1464170096007C /* Release */ = {
			isa = XCBuildConfiguration;
			buildSettings = {
				ASSETCATALOG_COMPILER_APPICON_NAME = Icon;
				ASSETCATALOG_COMPILER_GLOBAL_ACCENT_COLOR_NAME = AccentColor;
				CODE_SIGN_ENTITLEMENTS = BabyUltra/BabyUltra.entitlements;
				CODE_SIGN_STYLE = Automatic;
				CURRENT_PROJECT_VERSION = 1;
				DEVELOPMENT_ASSET_PATHS = "\"BabyUltra/Preview Content\"";
				ENABLE_PREVIEWS = YES;
				GENERATE_INFOPLIST_FILE = YES;
				INFOPLIST_FILE = BabyUltra/Info.plist;
				INFOPLIST_KEY_CFBundleDisplayName = BabyUltra;
				INFOPLIST_KEY_LSApplicationCategoryType = "public.app-category.photography";
				INFOPLIST_KEY_NSCameraUsageDescription = "BabyUltra needs camera access so you can take photos to transform with AI.";
				INFOPLIST_KEY_NSPhotoLibraryUsageDescription = "BabyUltra needs access to your photo library so you can select photos to transform with AI and save generated results.";
				INFOPLIST_KEY_UIApplicationSceneManifest_Generation = YES;
				INFOPLIST_KEY_UIApplicationSupportsIndirectInputEvents = YES;
				INFOPLIST_KEY_UILaunchScreen_Generation = YES;
				INFOPLIST_KEY_UIStatusBarHidden = NO;
				INFOPLIST_KEY_UIStatusBarStyle = UIStatusBarStyleLightContent;
				INFOPLIST_KEY_UISupportedInterfaceOrientations_iPad = "UIInterfaceOrientationPortrait UIInterfaceOrientationPortraitUpsideDown UIInterfaceOrientationLandscapeLeft UIInterfaceOrientationLandscapeRight";
				INFOPLIST_KEY_UISupportedInterfaceOrientations_iPhone = "UIInterfaceOrientationPortrait UIInterfaceOrientationLandscapeLeft UIInterfaceOrientationLandscapeRight";
				IPHONEOS_DEPLOYMENT_TARGET = 17.0;
				LD_RUNPATH_SEARCH_PATHS = (
					"$(inherited)",
					"@executable_path/Frameworks",
				);
				MARKETING_VERSION = 1.0.0;
				PRODUCT_BUNDLE_IDENTIFIER = com.fagore.BabyUltra;
				PRODUCT_NAME = "$(TARGET_NAME)";
				SUPPORTED_PLATFORMS = "iphoneos iphonesimulator";
				SUPPORTS_MACCATALYST = NO;
				SUPPORTS_MAC_DESIGNED_FOR_IPHONE_IPAD = NO;
				SWIFT_EMIT_LOC_STRINGS = YES;
				SWIFT_VERSION = 5.0;
				TARGETED_DEVICE_FAMILY = 1;
			};
			name = Release;
		};
/* End XCBuildConfiguration section */

/* Begin XCConfigurationList section */
		77CE35F52C1464160096007C /* Build configuration list for PBXProject "BabyUltra" */ = {
			isa = XCConfigurationList;
			buildConfigurations = (
				77CE36062C1464170096007C /* Debug */,
				77CE36072C1464170096007C /* Release */,
			);
			defaultConfigurationIsVisible = 0;
			defaultConfigurationName = Release;
		};
		77CE36082C1464170096007C /* Build configuration list for PBXNativeTarget "BabyUltra" */ = {
			isa = XCConfigurationList;
			buildConfigurations = (
				77CE36092C1464170096007C /* Debug */,
				77CE360A2C1464170096007C /* Release */,
			);
			defaultConfigurationIsVisible = 0;
			defaultConfigurationName = Release;
		};
/* End XCConfigurationList section */

/* Begin XCRemoteSwiftPackageReference section */
		27F4240BA807F90666979854 /* XCRemoteSwiftPackageReference "facebook-ios-sdk" */ = {
			isa = XCRemoteSwiftPackageReference;
			repositoryURL = "https://github.com/facebook/facebook-ios-sdk";
			requirement = {
				kind = upToNextMajorVersion;
				minimumVersion = 18.0.3;
			};
		};
		5A3934312F9AD20800873A0B /* XCRemoteSwiftPackageReference "purchases-ios" */ = {
			isa = XCRemoteSwiftPackageReference;
			repositoryURL = "https://github.com/RevenueCat/purchases-ios.git";
			requirement = {
				kind = upToNextMajorVersion;
				minimumVersion = 5.73.0;
			};
		};
		5A56C4042F9ACE63006FC6BE /* XCRemoteSwiftPackageReference "lottie-ios" */ = {
			isa = XCRemoteSwiftPackageReference;
			repositoryURL = "https://github.com/airbnb/lottie-ios.git";
			requirement = {
				kind = upToNextMajorVersion;
				minimumVersion = 4.6.1;
			};
		};
		5A6004122F95F0010057469C /* XCRemoteSwiftPackageReference "VariableBlur" */ = {
			isa = XCRemoteSwiftPackageReference;
			repositoryURL = "https://github.com/nikstar/VariableBlur";
			requirement = {
				branch = main;
				kind = branch;
			};
		};
		77CABFF32C27D92A00FBED06 /* XCRemoteSwiftPackageReference "Alamofire" */ = {
			isa = XCRemoteSwiftPackageReference;
			repositoryURL = "https://github.com/Alamofire/Alamofire.git";
			requirement = {
				kind = upToNextMajorVersion;
				minimumVersion = 5.11.2;
			};
		};
		77EA14AF2C301FA000DCA4C0 /* XCRemoteSwiftPackageReference "SwiftUI-Shimmer" */ = {
			isa = XCRemoteSwiftPackageReference;
			repositoryURL = "https://github.com/markiv/SwiftUI-Shimmer";
			requirement = {
				kind = upToNextMajorVersion;
				minimumVersion = 1.5.1;
			};
		};
		77FD33C02C42567700C9DB28 /* XCRemoteSwiftPackageReference "SDWebImageSwiftUI" */ = {
			isa = XCRemoteSwiftPackageReference;
			repositoryURL = "https://github.com/SDWebImage/SDWebImageSwiftUI.git";
			requirement = {
				kind = upToNextMajorVersion;
				minimumVersion = 3.1.4;
			};
		};
		FIREBASE0001SPMREF /* XCRemoteSwiftPackageReference "firebase-ios-sdk" */ = {
			isa = XCRemoteSwiftPackageReference;
			repositoryURL = "https://github.com/firebase/firebase-ios-sdk.git";
			requirement = {
				kind = upToNextMajorVersion;
				minimumVersion = 12.15.0;
			};
		};
/* End XCRemoteSwiftPackageReference section */

/* Begin XCSwiftPackageProductDependency section */
		5A3934322F9AD20800873A0B /* RevenueCat */ = {
			isa = XCSwiftPackageProductDependency;
			package = 5A3934312F9AD20800873A0B /* XCRemoteSwiftPackageReference "purchases-ios" */;
			productName = RevenueCat;
		};
		5A3934342F9AD20800873A0B /* RevenueCatUI */ = {
			isa = XCSwiftPackageProductDependency;
			package = 5A3934312F9AD20800873A0B /* XCRemoteSwiftPackageReference "purchases-ios" */;
			productName = RevenueCatUI;
		};
		5A56C4052F9ACE63006FC6BE /* Lottie */ = {
			isa = XCSwiftPackageProductDependency;
			package = 5A56C4042F9ACE63006FC6BE /* XCRemoteSwiftPackageReference "lottie-ios" */;
			productName = Lottie;
		};
		5A6004112F95F0010057469C /* VariableBlur */ = {
			isa = XCSwiftPackageProductDependency;
			package = 5A6004122F95F0010057469C /* XCRemoteSwiftPackageReference "VariableBlur" */;
			productName = VariableBlur;
		};
		77CABFF42C27D92A00FBED06 /* Alamofire */ = {
			isa = XCSwiftPackageProductDependency;
			package = 77CABFF32C27D92A00FBED06 /* XCRemoteSwiftPackageReference "Alamofire" */;
			productName = Alamofire;
		};
		77EA14B02C301FA000DCA4C0 /* Shimmer */ = {
			isa = XCSwiftPackageProductDependency;
			package = 77EA14AF2C301FA000DCA4C0 /* XCRemoteSwiftPackageReference "SwiftUI-Shimmer" */;
			productName = Shimmer;
		};
		77FD33C12C42567700C9DB28 /* SDWebImageSwiftUI */ = {
			isa = XCSwiftPackageProductDependency;
			package = 77FD33C02C42567700C9DB28 /* XCRemoteSwiftPackageReference "SDWebImageSwiftUI" */;
			productName = SDWebImageSwiftUI;
		};
		78BB6FC95F9CCCEABD41840D /* FacebookCore */ = {
			isa = XCSwiftPackageProductDependency;
			package = 27F4240BA807F90666979854 /* XCRemoteSwiftPackageReference "facebook-ios-sdk" */;
			productName = FacebookCore;
		};
		FIREBASE0002SPMDEP /* FirebaseCore */ = {
			isa = XCSwiftPackageProductDependency;
			package = FIREBASE0001SPMREF /* XCRemoteSwiftPackageReference "firebase-ios-sdk" */;
			productName = FirebaseCore;
		};
		FIREBASE0003SPMDEP /* FirebaseAuth */ = {
			isa = XCSwiftPackageProductDependency;
			package = FIREBASE0001SPMREF /* XCRemoteSwiftPackageReference "firebase-ios-sdk" */;
			productName = FirebaseAuth;
		};
		FIREBASE0004SPMDEP /* FirebaseMessaging */ = {
			isa = XCSwiftPackageProductDependency;
			package = FIREBASE0001SPMREF /* XCRemoteSwiftPackageReference "firebase-ios-sdk" */;
			productName = FirebaseMessaging;
		};
/* End XCSwiftPackageProductDependency section */
	};
	rootObject = 77CE35F22C1464160096007C /* Project object */;
}
